{
  "originHash" : "64565151cc3e670723d9a3aab4fc6bcf1087f8abcc2036957c6ecaa0e8cae15b",
  "pins" : [
    {
      "identity" : "suite",
      "kind" : "remoteSourceControl",
      "location" : "https://github.com/ios-tooling/suite",
      "state" : {
        "revision" : "8115303bbcb9e8547a616cb3c02fb47edcf30670",
        "version" : "1.1.114"
      }
    },
    {
      "identity" : "swift-syntax",
      "kind" : "remoteSourceControl",
      "location" : "https://github.com/apple/swift-syntax",
      "state" : {
        "revision" : "64889f0c732f210a935a0ad7cda38f77f876262d",
        "version" : "509.1.1"
      }
    }
  ],
  "version" : 3
}
